
Microsoft Visual Studio Solution File, Format Version 12.00
# Visual Studio Version 17
VisualStudioVersion = 17.0.31903.59
MinimumVisualStudioVersion = 10.0.40219.1
Project("{9A19103F-16F7-4668-BE54-9A1E7A4F7556}") = "Cats", "src\Cats\Cats.csproj", "{7D32C36E-32B4-4C54-818F-3949A299F22C}"
EndProject
Project("{9A19103F-16F7-4668-BE54-9A1E7A4F7556}") = "Homework.Race", "src\Homework.Race\Homework.Race.csproj", "{6AC90D92-44CA-4476-BF0C-4A91C5EEE5E2}"
EndProject
Project("{FAE04EC0-301F-11D3-BF4B-00C04F79EFBC}") = "Dogs", "src\Dogs\Dogs.csproj", "{A9F2864B-373D-48A4-B221-A94558B5BC3B}"
EndProject
Global
	GlobalSection(SolutionConfigurationPlatforms) = preSolution
		Debug|Any CPU = Debug|Any CPU
		Release|Any CPU = Release|Any CPU
	EndGlobalSection
	GlobalSection(ProjectConfigurationPlatforms) = postSolution
		{7D32C36E-32B4-4C54-818F-3949A299F22C}.Debug|Any CPU.ActiveCfg = Debug|Any CPU
		{7D32C36E-32B4-4C54-818F-3949A299F22C}.Debug|Any CPU.Build.0 = Debug|Any CPU
		{7D32C36E-32B4-4C54-818F-3949A299F22C}.Release|Any CPU.ActiveCfg = Release|Any CPU
		{7D32C36E-32B4-4C54-818F-3949A299F22C}.Release|Any CPU.Build.0 = Release|Any CPU
		{6AC90D92-44CA-4476-BF0C-4A91C5EEE5E2}.Debug|Any CPU.ActiveCfg = Debug|Any CPU
		{6AC90D92-44CA-4476-BF0C-4A91C5EEE5E2}.Debug|Any CPU.Build.0 = Debug|Any CPU
		{6AC90D92-44CA-4476-BF0C-4A91C5EEE5E2}.Release|Any CPU.ActiveCfg = Release|Any CPU
		{6AC90D92-44CA-4476-BF0C-4A91C5EEE5E2}.Release|Any CPU.Build.0 = Release|Any CPU
		{A9F2864B-373D-48A4-B221-A94558B5BC3B}.Debug|Any CPU.ActiveCfg = Debug|Any CPU
		{A9F2864B-373D-48A4-B221-A94558B5BC3B}.Debug|Any CPU.Build.0 = Debug|Any CPU
		{A9F2864B-373D-48A4-B221-A94558B5BC3B}.Release|Any CPU.ActiveCfg = Release|Any CPU
		{A9F2864B-373D-48A4-B221-A94558B5BC3B}.Release|Any CPU.Build.0 = Release|Any CPU
	EndGlobalSection
	GlobalSection(SolutionProperties) = preSolution
		HideSolutionNode = FALSE
	EndGlobalSection
	GlobalSection(ExtensibilityGlobals) = postSolution
		SolutionGuid = {722FA594-7F8B-49DE-9ADE-F227EE5ACB32}
	EndGlobalSection
EndGlobal
