
Microsoft Visual Studio Solution File, Format Version 12.00
# Visual Studio Version 17
VisualStudioVersion = 17.0.31903.59
MinimumVisualStudioVersion = 10.0.40219.1
Project("{9A19103F-16F7-4668-BE54-9A1E7A4F7556}") = "Cats", "src\Cats\Cats.csproj", "{7D32C36E-32B4-4C54-818F-3949A299F22C}"
EndProject
Global
	GlobalSection(SolutionConfigurationPlatforms) = preSolution
		Debug|Any CPU = Debug|Any CPU
		Release|Any CPU = Release|Any CPU
	EndGlobalSection
	GlobalSection(ProjectConfigurationPlatforms) = postSolution
		{7D32C36E-32B4-4C54-818F-3949A299F22C}.Debug|Any CPU.ActiveCfg = Debug|Any CPU
		{7D32C36E-32B4-4C54-818F-3949A299F22C}.Debug|Any CPU.Build.0 = Debug|Any CPU
		{7D32C36E-32B4-4C54-818F-3949A299F22C}.Release|Any CPU.ActiveCfg = Release|Any CPU
		{7D32C36E-32B4-4C54-818F-3949A299F22C}.Release|Any CPU.Build.0 = Release|Any CPU
	EndGlobalSection
	GlobalSection(SolutionProperties) = preSolution
		HideSolutionNode = FALSE
	EndGlobalSection
	GlobalSection(ExtensibilityGlobals) = postSolution
		SolutionGuid = {722FA594-7F8B-49DE-9ADE-F227EE5ACB32}
	EndGlobalSection
EndGlobal
